{
  "lockfileVersion": 1,
  "configVersion": 1,
  "workspaces": {
    "": {
      "name": "qbun",
      "dependencies": {
        "commander": "^14.0.2",
      },
      "devDependencies": {
        "@types/bun": "latest",
        "oxfmt": "^0.16.0",
        "oxlint": "^1.31.0",
      },
      "peerDependencies": {
        "typescript": "^5",
      },
    },
  },
  "packages": {
    "@oxfmt/darwin-arm64": ["@oxfmt/darwin-arm64@0.16.0", "", { "os": "darwin", "cpu": "arm64" }, "sha512-I+Unj7wePcUTK7p/YKtgbm4yer6dw7dTlmCJa0UilFZyge5uD4rwCSfSDx3A+a6Z3A60/SqXMbNR2UyidWF4Cg=="],

    "@oxfmt/darwin-x64": ["@oxfmt/darwin-x64@0.16.0", "", { "os": "darwin", "cpu": "x64" }, "sha512-EfiXFKEOV5gXgEatFK89OOoSmd8E9Xq83TcjPLWQNFBO4cgaQsfKmctpgJmJjQnoUwD7nQsm0ruj3ae7Gva8QA=="],

    "@oxfmt/linux-arm64-gnu": ["@oxfmt/linux-arm64-gnu@0.16.0", "", { "os": "linux", "cpu": "arm64" }, "sha512-ydcNY9Fn/8TjVswANhdSh+zdgD3tiikNQA68bgXbENHuV3RyYql1qoOM1eGv5xeIVJfkPJme17MKQz3OwMFS4A=="],

    "@oxfmt/linux-arm64-musl": ["@oxfmt/linux-arm64-musl@0.16.0", "", { "os": "linux", "cpu": "arm64" }, "sha512-I9WeYe1/YnrfXgXVaKkZITZzil0G0g9IknS2KJbq1lOnpTw3dwViXZ7XMa2cq6Mv7S+4SoDImb7fLQ59AfVX/w=="],

    "@oxfmt/linux-x64-gnu": ["@oxfmt/linux-x64-gnu@0.16.0", "", { "os": "linux", "cpu": "x64" }, "sha512-Szg9lJtZdN5FoCnNbl3N/2pJv8d056NUmk51m60E2tZV7rvwRTrNC8HPc2sVdb1Ti5ogsicpZDYSWA3cwIrJIQ=="],

    "@oxfmt/linux-x64-musl": ["@oxfmt/linux-x64-musl@0.16.0", "", { "os": "linux", "cpu": "x64" }, "sha512-5koN8nl21ZxOADaMxXHT+mt3YjfXe1nsa23Fanf9aY7B0hcQ6rXYCZ7r5vmpoTtzW/US3aaVcRFZE1cyof+lKw=="],

    "@oxfmt/win32-arm64": ["@oxfmt/win32-arm64@0.16.0", "", { "os": "win32", "cpu": "arm64" }, "sha512-Jaesn+FYn+MudSmWJMPGBAa0PhQXo52Z0ZYeNfzbQP7v2GFbZBI3Cb87+K0aHGlpqK3VEJKXeIaASaTWlkgO1Q=="],

    "@oxfmt/win32-x64": ["@oxfmt/win32-x64@0.16.0", "", { "os": "win32", "cpu": "x64" }, "sha512-1obVSlb5blwBKgSsE1mNxvcq1pK9I6aXpZDy5d6jjGdrru33dHrH1ASChrcxwCukkToH2SxwYmnzAto0xeuZlw=="],

    "@oxlint/darwin-arm64": ["@oxlint/darwin-arm64@1.31.0", "", { "os": "darwin", "cpu": "arm64" }, "sha512-HqoYNH5WFZRdqGUROTFGOdBcA9y/YdHNoR/ujlyVO53it+q96dujbgKEvlff/WEuo4LbDKBrKLWKTKvOd/VYdg=="],

    "@oxlint/darwin-x64": ["@oxlint/darwin-x64@1.31.0", "", { "os": "darwin", "cpu": "x64" }, "sha512-gNq+JQXBCkYKQhmJEgSNjuPqmdL8yBEX3v0sueLH3g5ym4OIrNO7ml1M7xzCs0zhINQCR9MsjMJMyBNaF1ed+g=="],

    "@oxlint/linux-arm64-gnu": ["@oxlint/linux-arm64-gnu@1.31.0", "", { "os": "linux", "cpu": "arm64" }, "sha512-cRmttpr3yHPwbrvtPNlv+0Zw2Oeh0cU902iMI4fFW9ylbW/vUAcz6DvzGMCYZbII8VDiwQ453SV5AA8xBgMbmw=="],

    "@oxlint/linux-arm64-musl": ["@oxlint/linux-arm64-musl@1.31.0", "", { "os": "linux", "cpu": "arm64" }, "sha512-0p7vn0hdMdNPIUzemw8f1zZ2rRZ/963EkK3o4P0KUXOPgleo+J9ZIPH7gcHSHtyrNaBifN03wET1rH4SuWQYnA=="],

    "@oxlint/linux-x64-gnu": ["@oxlint/linux-x64-gnu@1.31.0", "", { "os": "linux", "cpu": "x64" }, "sha512-vNIbpSwQ4dwN0CUmojG7Y91O3CXOf0Kno7DSTshk/JJR4+u8HNVuYVjX2qBRk0OMc4wscJbEd7wJCl0VJOoCOw=="],

    "@oxlint/linux-x64-musl": ["@oxlint/linux-x64-musl@1.31.0", "", { "os": "linux", "cpu": "x64" }, "sha512-4avnH09FJRTOT2cULdDPG0s14C+Ku4cnbNye6XO7rsiX6Bprz+aQblLA+1WLOr7UfC/0zF+jnZ9K5VyBBJy9Kw=="],

    "@oxlint/win32-arm64": ["@oxlint/win32-arm64@1.31.0", "", { "os": "win32", "cpu": "arm64" }, "sha512-mQaD5H93OUpxiGjC518t5wLQikf0Ur5mQEKO2VoTlkp01gqmrQ+hyCLOzABlsAIAeDJD58S9JwNOw4KFFnrqdw=="],

    "@oxlint/win32-x64": ["@oxlint/win32-x64@1.31.0", "", { "os": "win32", "cpu": "x64" }, "sha512-AS/h58HfloccRlVs7P3zbyZfxNS62JuE8/3fYGjkiRlR1ZoDxdqmz5QgLEn+YxxFUTMmclGAPMFHg9z2Pk315A=="],

    "@types/bun": ["@types/bun@1.3.3", "", { "dependencies": { "bun-types": "1.3.3" } }, "sha512-ogrKbJ2X5N0kWLLFKeytG0eHDleBYtngtlbu9cyBKFtNL3cnpDZkNdQj8flVf6WTZUX5ulI9AY1oa7ljhSrp+g=="],

    "@types/node": ["@types/node@24.10.1", "", { "dependencies": { "undici-types": "~7.16.0" } }, "sha512-GNWcUTRBgIRJD5zj+Tq0fKOJ5XZajIiBroOF0yvj2bSU1WvNdYS/dn9UxwsujGW4JX06dnHyjV2y9rRaybH0iQ=="],

    "bun-types": ["bun-types@1.3.3", "", { "dependencies": { "@types/node": "*" } }, "sha512-z3Xwlg7j2l9JY27x5Qn3Wlyos8YAp0kKRlrePAOjgjMGS5IG6E7Jnlx736vH9UVI4wUICwwhC9anYL++XeOgTQ=="],

    "commander": ["commander@14.0.2", "", {}, "sha512-TywoWNNRbhoD0BXs1P3ZEScW8W5iKrnbithIl0YH+uCmBd0QpPOA8yc82DS3BIE5Ma6FnBVUsJ7wVUDz4dvOWQ=="],

    "oxfmt": ["oxfmt@0.16.0", "", { "optionalDependencies": { "@oxfmt/darwin-arm64": "0.16.0", "@oxfmt/darwin-x64": "0.16.0", "@oxfmt/linux-arm64-gnu": "0.16.0", "@oxfmt/linux-arm64-musl": "0.16.0", "@oxfmt/linux-x64-gnu": "0.16.0", "@oxfmt/linux-x64-musl": "0.16.0", "@oxfmt/win32-arm64": "0.16.0", "@oxfmt/win32-x64": "0.16.0" }, "bin": { "oxfmt": "bin/oxfmt" } }, "sha512-uRnnBAN0zH07FXSfvSKbIw+Jrohv4Px2RwNiZOGI4/pvns4sx0+k4WSt+tqwd7bDeoWaXiGmhZgnbK63hi6hVQ=="],

    "oxlint": ["oxlint@1.31.0", "", { "optionalDependencies": { "@oxlint/darwin-arm64": "1.31.0", "@oxlint/darwin-x64": "1.31.0", "@oxlint/linux-arm64-gnu": "1.31.0", "@oxlint/linux-arm64-musl": "1.31.0", "@oxlint/linux-x64-gnu": "1.31.0", "@oxlint/linux-x64-musl": "1.31.0", "@oxlint/win32-arm64": "1.31.0", "@oxlint/win32-x64": "1.31.0" }, "peerDependencies": { "oxlint-tsgolint": ">=0.8.1" }, "optionalPeers": ["oxlint-tsgolint"], "bin": { "oxlint": "bin/oxlint", "oxc_language_server": "bin/oxc_language_server" } }, "sha512-U+Z3VShi1zuLF2Hz/pm4vWJUBm5sDHjwSzj340tz4tS2yXg9H5PTipsZv+Yu/alg6Z7EM2cZPKGNBZAvmdfkQg=="],

    "typescript": ["typescript@5.9.3", "", { "bin": { "tsc": "bin/tsc", "tsserver": "bin/tsserver" } }, "sha512-jl1vZzPDinLr9eUt3J/t7V6FgNEw9QjvBPdysz9KfQDD41fQrC2Y4vKQdiaUpFT4bXlb1RHhLpp8wtm6M5TgSw=="],

    "undici-types": ["undici-types@7.16.0", "", {}, "sha512-Zz+aZWSj8LE6zoxD+xrjh4VfkIG8Ya6LvYkZqtUQGJPZjYl53ypCaUwWqo7eI0x66KBGeRo+mlBEkMSeSZ38Nw=="],
  }
}
